
Microsoft Visual Studio Solution File, Format Version 12.00
# Visual Studio Version 17
VisualStudioVersion = 17.1.32210.238
MinimumVisualStudioVersion = 10.0.40219.1
Project("{9A19103F-16F7-4668-BE54-9A1E7A4F7556}") = "WebApi", "WebApi\WebApi.csproj", "{219868E7-BDFA-4133-98D2-F3165DF85391}"
EndProject
Project("{9A19103F-16F7-4668-BE54-9A1E7A4F7556}") = "Core", "Core\Core.csproj", "{50B1021B-7239-49C2-A428-86626D5F300F}"
EndProject
Project("{9A19103F-16F7-4668-BE54-9A1E7A4F7556}") = "DataStore.EF", "DataStore.EF\DataStore.EF.csproj", "{E85C8600-586C-496C-B634-3ACA1AAE2DC0}"
EndProject
Project("{9A19103F-16F7-4668-BE54-9A1E7A4F7556}") = "MyApp.Repository", "App.Repository\MyApp.Repository.csproj", "{142742CB-0A11-490C-91A2-3495155B3C26}"
EndProject
Project("{9A19103F-16F7-4668-BE54-9A1E7A4F7556}") = "App.Testing.Console", "App.Testing.Console\App.Testing.Console.csproj", "{6DB59CA4-0CC0-4E5A-9FF8-124CBC9BBA0D}"
EndProject
Project("{9A19103F-16F7-4668-BE54-9A1E7A4F7556}") = "MyApp.ApplicationLogic", "ApplicationLogic\MyApp.ApplicationLogic.csproj", "{499EBCF6-312F-4EBD-886D-5AB49626C769}"
EndProject
Project("{9A19103F-16F7-4668-BE54-9A1E7A4F7556}") = "WebApp", "WebApp\WebApp.csproj", "{F5295C82-5EBE-4E33-9A16-038992EC7C97}"
EndProject
Global
	GlobalSection(SolutionConfigurationPlatforms) = preSolution
		Debug|Any CPU = Debug|Any CPU
		Release|Any CPU = Release|Any CPU
	EndGlobalSection
	GlobalSection(ProjectConfigurationPlatforms) = postSolution
		{219868E7-BDFA-4133-98D2-F3165DF85391}.Debug|Any CPU.ActiveCfg = Debug|Any CPU
		{219868E7-BDFA-4133-98D2-F3165DF85391}.Debug|Any CPU.Build.0 = Debug|Any CPU
		{219868E7-BDFA-4133-98D2-F3165DF85391}.Release|Any CPU.ActiveCfg = Release|Any CPU
		{219868E7-BDFA-4133-98D2-F3165DF85391}.Release|Any CPU.Build.0 = Release|Any CPU
		{50B1021B-7239-49C2-A428-86626D5F300F}.Debug|Any CPU.ActiveCfg = Debug|Any CPU
		{50B1021B-7239-49C2-A428-86626D5F300F}.Debug|Any CPU.Build.0 = Debug|Any CPU
		{50B1021B-7239-49C2-A428-86626D5F300F}.Release|Any CPU.ActiveCfg = Release|Any CPU
		{50B1021B-7239-49C2-A428-86626D5F300F}.Release|Any CPU.Build.0 = Release|Any CPU
		{E85C8600-586C-496C-B634-3ACA1AAE2DC0}.Debug|Any CPU.ActiveCfg = Debug|Any CPU
		{E85C8600-586C-496C-B634-3ACA1AAE2DC0}.Debug|Any CPU.Build.0 = Debug|Any CPU
		{E85C8600-586C-496C-B634-3ACA1AAE2DC0}.Release|Any CPU.ActiveCfg = Release|Any CPU
		{E85C8600-586C-496C-B634-3ACA1AAE2DC0}.Release|Any CPU.Build.0 = Release|Any CPU
		{142742CB-0A11-490C-91A2-3495155B3C26}.Debug|Any CPU.ActiveCfg = Debug|Any CPU
		{142742CB-0A11-490C-91A2-3495155B3C26}.Debug|Any CPU.Build.0 = Debug|Any CPU
		{142742CB-0A11-490C-91A2-3495155B3C26}.Release|Any CPU.ActiveCfg = Release|Any CPU
		{142742CB-0A11-490C-91A2-3495155B3C26}.Release|Any CPU.Build.0 = Release|Any CPU
		{6DB59CA4-0CC0-4E5A-9FF8-124CBC9BBA0D}.Debug|Any CPU.ActiveCfg = Debug|Any CPU
		{6DB59CA4-0CC0-4E5A-9FF8-124CBC9BBA0D}.Debug|Any CPU.Build.0 = Debug|Any CPU
		{6DB59CA4-0CC0-4E5A-9FF8-124CBC9BBA0D}.Release|Any CPU.ActiveCfg = Release|Any CPU
		{6DB59CA4-0CC0-4E5A-9FF8-124CBC9BBA0D}.Release|Any CPU.Build.0 = Release|Any CPU
		{499EBCF6-312F-4EBD-886D-5AB49626C769}.Debug|Any CPU.ActiveCfg = Debug|Any CPU
		{499EBCF6-312F-4EBD-886D-5AB49626C769}.Debug|Any CPU.Build.0 = Debug|Any CPU
		{499EBCF6-312F-4EBD-886D-5AB49626C769}.Release|Any CPU.ActiveCfg = Release|Any CPU
		{499EBCF6-312F-4EBD-886D-5AB49626C769}.Release|Any CPU.Build.0 = Release|Any CPU
		{F5295C82-5EBE-4E33-9A16-038992EC7C97}.Debug|Any CPU.ActiveCfg = Debug|Any CPU
		{F5295C82-5EBE-4E33-9A16-038992EC7C97}.Debug|Any CPU.Build.0 = Debug|Any CPU
		{F5295C82-5EBE-4E33-9A16-038992EC7C97}.Release|Any CPU.ActiveCfg = Release|Any CPU
		{F5295C82-5EBE-4E33-9A16-038992EC7C97}.Release|Any CPU.Build.0 = Release|Any CPU
	EndGlobalSection
	GlobalSection(SolutionProperties) = preSolution
		HideSolutionNode = FALSE
	EndGlobalSection
	GlobalSection(ExtensibilityGlobals) = postSolution
		SolutionGuid = {5F4F9183-0B02-4595-AA87-CB37FEA06183}
	EndGlobalSection
EndGlobal
